
Microsoft Visual Studio Solution File, Format Version 12.00
# Visual Studio Version 16
VisualStudioVersion = 16.0.30804.86
MinimumVisualStudioVersion = 10.0.40219.1
Project("{9A19103F-16F7-4668-BE54-9A1E7A4F7556}") = "PayParking", "PayParking\PayParking.csproj", "{47C285AB-BA8F-42EB-A375-339C0B9DA1B0}"
EndProject
Project("{9A19103F-16F7-4668-BE54-9A1E7A4F7556}") = "PayParkingLibrary", "PayParkingLibrary\PayParkingLibrary.csproj", "{47458D8F-5D37-4651-9FA9-A8CFD5A6C3D1}"
EndProject
Global
	GlobalSection(SolutionConfigurationPlatforms) = preSolution
		Debug|Any CPU = Debug|Any CPU
		Release|Any CPU = Release|Any CPU
	EndGlobalSection
	GlobalSection(ProjectConfigurationPlatforms) = postSolution
		{47C285AB-BA8F-42EB-A375-339C0B9DA1B0}.Debug|Any CPU.ActiveCfg = Debug|Any CPU
		{47C285AB-BA8F-42EB-A375-339C0B9DA1B0}.Debug|Any CPU.Build.0 = Debug|Any CPU
		{47C285AB-BA8F-42EB-A375-339C0B9DA1B0}.Release|Any CPU.ActiveCfg = Release|Any CPU
		{47C285AB-BA8F-42EB-A375-339C0B9DA1B0}.Release|Any CPU.Build.0 = Release|Any CPU
		{47458D8F-5D37-4651-9FA9-A8CFD5A6C3D1}.Debug|Any CPU.ActiveCfg = Debug|Any CPU
		{47458D8F-5D37-4651-9FA9-A8CFD5A6C3D1}.Debug|Any CPU.Build.0 = Debug|Any CPU
		{47458D8F-5D37-4651-9FA9-A8CFD5A6C3D1}.Release|Any CPU.ActiveCfg = Release|Any CPU
		{47458D8F-5D37-4651-9FA9-A8CFD5A6C3D1}.Release|Any CPU.Build.0 = Release|Any CPU
	EndGlobalSection
	GlobalSection(SolutionProperties) = preSolution
		HideSolutionNode = FALSE
	EndGlobalSection
	GlobalSection(ExtensibilityGlobals) = postSolution
		SolutionGuid = {B0351695-1B48-4944-9C81-33A1940650F6}
	EndGlobalSection
EndGlobal
